
Microsoft Visual Studio Solution File, Format Version 12.00
# Visual Studio Version 17
VisualStudioVersion = 17.9.34723.18
MinimumVisualStudioVersion = 10.0.40219.1
Project("{FAE04EC0-301F-11D3-BF4B-00C04F79EFBC}") = "Test", "Test\Test.csproj", "{8AC8F4CB-6A93-4D50-8AD1-B90A3E561D8B}"
EndProject
Global
	GlobalSection(SolutionConfigurationPlatforms) = preSolution
		Debug|Any CPU = Debug|Any CPU
		Release|Any CPU = Release|Any CPU
	EndGlobalSection
	GlobalSection(ProjectConfigurationPlatforms) = postSolution
		{8AC8F4CB-6A93-4D50-8AD1-B90A3E561D8B}.Debug|Any CPU.ActiveCfg = Debug|Any CPU
		{8AC8F4CB-6A93-4D50-8AD1-B90A3E561D8B}.Debug|Any CPU.Build.0 = Debug|Any CPU
		{8AC8F4CB-6A93-4D50-8AD1-B90A3E561D8B}.Release|Any CPU.ActiveCfg = Release|Any CPU
		{8AC8F4CB-6A93-4D50-8AD1-B90A3E561D8B}.Release|Any CPU.Build.0 = Release|Any CPU
	EndGlobalSection
	GlobalSection(SolutionProperties) = preSolution
		HideSolutionNode = FALSE
	EndGlobalSection
	GlobalSection(ExtensibilityGlobals) = postSolution
		SolutionGuid = {C44D7C35-A26E-4C26-A747-81870C6C931D}
	EndGlobalSection
EndGlobal
